
Microsoft Visual Studio Solution File, Format Version 12.00
# Visual Studio Version 17
VisualStudioVersion = 17.5.33516.290
MinimumVisualStudioVersion = 10.0.40219.1
Project("{FAE04EC0-301F-11D3-BF4B-00C04F79EFBC}") = "ExeTryCatch", "ExeTryCatch\ExeTryCatch.csproj", "{2C268A00-1017-49FC-952F-AA288CF5C58E}"
EndProject
Global
	GlobalSection(SolutionConfigurationPlatforms) = preSolution
		Debug|Any CPU = Debug|Any CPU
		Release|Any CPU = Release|Any CPU
	EndGlobalSection
	GlobalSection(ProjectConfigurationPlatforms) = postSolution
		{2C268A00-1017-49FC-952F-AA288CF5C58E}.Debug|Any CPU.ActiveCfg = Debug|Any CPU
		{2C268A00-1017-49FC-952F-AA288CF5C58E}.Debug|Any CPU.Build.0 = Debug|Any CPU
		{2C268A00-1017-49FC-952F-AA288CF5C58E}.Release|Any CPU.ActiveCfg = Release|Any CPU
		{2C268A00-1017-49FC-952F-AA288CF5C58E}.Release|Any CPU.Build.0 = Release|Any CPU
	EndGlobalSection
	GlobalSection(SolutionProperties) = preSolution
		HideSolutionNode = FALSE
	EndGlobalSection
	GlobalSection(ExtensibilityGlobals) = postSolution
		SolutionGuid = {2EAFB632-C072-4D72-9C5C-A483E395B1BD}
	EndGlobalSection
EndGlobal
