
Microsoft Visual Studio Solution File, Format Version 12.00
# Visual Studio Version 17
VisualStudioVersion = 17.5.33516.290
MinimumVisualStudioVersion = 10.0.40219.1
Project("{FAE04EC0-301F-11D3-BF4B-00C04F79EFBC}") = "ExeMatriz1", "ExeMatriz1\ExeMatriz1.csproj", "{4BA95A61-AA31-4651-B0B2-F4F54102DBB0}"
EndProject
Global
	GlobalSection(SolutionConfigurationPlatforms) = preSolution
		Debug|Any CPU = Debug|Any CPU
		Release|Any CPU = Release|Any CPU
	EndGlobalSection
	GlobalSection(ProjectConfigurationPlatforms) = postSolution
		{4BA95A61-AA31-4651-B0B2-F4F54102DBB0}.Debug|Any CPU.ActiveCfg = Debug|Any CPU
		{4BA95A61-AA31-4651-B0B2-F4F54102DBB0}.Debug|Any CPU.Build.0 = Debug|Any CPU
		{4BA95A61-AA31-4651-B0B2-F4F54102DBB0}.Release|Any CPU.ActiveCfg = Release|Any CPU
		{4BA95A61-AA31-4651-B0B2-F4F54102DBB0}.Release|Any CPU.Build.0 = Release|Any CPU
	EndGlobalSection
	GlobalSection(SolutionProperties) = preSolution
		HideSolutionNode = FALSE
	EndGlobalSection
	GlobalSection(ExtensibilityGlobals) = postSolution
		SolutionGuid = {82AAD622-27B4-4A01-B800-A4E863491218}
	EndGlobalSection
EndGlobal
