
Microsoft Visual Studio Solution File, Format Version 12.00
# Visual Studio Version 17
VisualStudioVersion = 17.5.33516.290
MinimumVisualStudioVersion = 10.0.40219.1
Project("{FAE04EC0-301F-11D3-BF4B-00C04F79EFBC}") = "ExeList", "ExeList\ExeList.csproj", "{C7963249-B647-4E4E-92D3-41E76F377D84}"
EndProject
Global
	GlobalSection(SolutionConfigurationPlatforms) = preSolution
		Debug|Any CPU = Debug|Any CPU
		Release|Any CPU = Release|Any CPU
	EndGlobalSection
	GlobalSection(ProjectConfigurationPlatforms) = postSolution
		{C7963249-B647-4E4E-92D3-41E76F377D84}.Debug|Any CPU.ActiveCfg = Debug|Any CPU
		{C7963249-B647-4E4E-92D3-41E76F377D84}.Debug|Any CPU.Build.0 = Debug|Any CPU
		{C7963249-B647-4E4E-92D3-41E76F377D84}.Release|Any CPU.ActiveCfg = Release|Any CPU
		{C7963249-B647-4E4E-92D3-41E76F377D84}.Release|Any CPU.Build.0 = Release|Any CPU
	EndGlobalSection
	GlobalSection(SolutionProperties) = preSolution
		HideSolutionNode = FALSE
	EndGlobalSection
	GlobalSection(ExtensibilityGlobals) = postSolution
		SolutionGuid = {CD76DE20-D8E8-4A22-8C81-522E404C5954}
	EndGlobalSection
EndGlobal
