
Microsoft Visual Studio Solution File, Format Version 12.00
# Visual Studio Version 17
VisualStudioVersion = 17.5.33516.290
MinimumVisualStudioVersion = 10.0.40219.1
Project("{FAE04EC0-301F-11D3-BF4B-00C04F79EFBC}") = "teste", "teste\teste.csproj", "{99211EB3-E352-4EBA-ACDF-6986A479B2CA}"
EndProject
Global
	GlobalSection(SolutionConfigurationPlatforms) = preSolution
		Debug|Any CPU = Debug|Any CPU
		Release|Any CPU = Release|Any CPU
	EndGlobalSection
	GlobalSection(ProjectConfigurationPlatforms) = postSolution
		{99211EB3-E352-4EBA-ACDF-6986A479B2CA}.Debug|Any CPU.ActiveCfg = Debug|Any CPU
		{99211EB3-E352-4EBA-ACDF-6986A479B2CA}.Debug|Any CPU.Build.0 = Debug|Any CPU
		{99211EB3-E352-4EBA-ACDF-6986A479B2CA}.Release|Any CPU.ActiveCfg = Release|Any CPU
		{99211EB3-E352-4EBA-ACDF-6986A479B2CA}.Release|Any CPU.Build.0 = Release|Any CPU
	EndGlobalSection
	GlobalSection(SolutionProperties) = preSolution
		HideSolutionNode = FALSE
	EndGlobalSection
	GlobalSection(ExtensibilityGlobals) = postSolution
		SolutionGuid = {8C85DC7E-91A5-42E9-9DCD-A8868054DA1A}
	EndGlobalSection
EndGlobal
