
Microsoft Visual Studio Solution File, Format Version 12.00
# Visual Studio Version 17
VisualStudioVersion = 17.5.33516.290
MinimumVisualStudioVersion = 10.0.40219.1
Project("{FAE04EC0-301F-11D3-BF4B-00C04F79EFBC}") = "ExeConstructor1", "ExeConstructor1\ExeConstructor1.csproj", "{BFA8F3E8-5A26-4DC4-B200-0000D80BC17A}"
EndProject
Global
	GlobalSection(SolutionConfigurationPlatforms) = preSolution
		Debug|Any CPU = Debug|Any CPU
		Release|Any CPU = Release|Any CPU
	EndGlobalSection
	GlobalSection(ProjectConfigurationPlatforms) = postSolution
		{BFA8F3E8-5A26-4DC4-B200-0000D80BC17A}.Debug|Any CPU.ActiveCfg = Debug|Any CPU
		{BFA8F3E8-5A26-4DC4-B200-0000D80BC17A}.Debug|Any CPU.Build.0 = Debug|Any CPU
		{BFA8F3E8-5A26-4DC4-B200-0000D80BC17A}.Release|Any CPU.ActiveCfg = Release|Any CPU
		{BFA8F3E8-5A26-4DC4-B200-0000D80BC17A}.Release|Any CPU.Build.0 = Release|Any CPU
	EndGlobalSection
	GlobalSection(SolutionProperties) = preSolution
		HideSolutionNode = FALSE
	EndGlobalSection
	GlobalSection(ExtensibilityGlobals) = postSolution
		SolutionGuid = {6EDEF847-6CFF-48AB-A5E0-9CF4AA1D07E5}
	EndGlobalSection
EndGlobal
