
Microsoft Visual Studio Solution File, Format Version 12.00
# Visual Studio Version 17
VisualStudioVersion = 17.5.33516.290
MinimumVisualStudioVersion = 10.0.40219.1
Project("{FAE04EC0-301F-11D3-BF4B-00C04F79EFBC}") = "ExeObjects4", "ExeObjects4\ExeObjects4.csproj", "{DC249318-9AA7-4838-94AB-AE9E87034F25}"
EndProject
Global
	GlobalSection(SolutionConfigurationPlatforms) = preSolution
		Debug|Any CPU = Debug|Any CPU
		Release|Any CPU = Release|Any CPU
	EndGlobalSection
	GlobalSection(ProjectConfigurationPlatforms) = postSolution
		{DC249318-9AA7-4838-94AB-AE9E87034F25}.Debug|Any CPU.ActiveCfg = Debug|Any CPU
		{DC249318-9AA7-4838-94AB-AE9E87034F25}.Debug|Any CPU.Build.0 = Debug|Any CPU
		{DC249318-9AA7-4838-94AB-AE9E87034F25}.Release|Any CPU.ActiveCfg = Release|Any CPU
		{DC249318-9AA7-4838-94AB-AE9E87034F25}.Release|Any CPU.Build.0 = Release|Any CPU
	EndGlobalSection
	GlobalSection(SolutionProperties) = preSolution
		HideSolutionNode = FALSE
	EndGlobalSection
	GlobalSection(ExtensibilityGlobals) = postSolution
		SolutionGuid = {E0A03E12-5617-472D-855A-D6314AD209C7}
	EndGlobalSection
EndGlobal
