
Microsoft Visual Studio Solution File, Format Version 12.00
# Visual Studio Version 17
VisualStudioVersion = 17.5.33516.290
MinimumVisualStudioVersion = 10.0.40219.1
Project("{FAE04EC0-301F-11D3-BF4B-00C04F79EFBC}") = "ExeSwitchCase", "ExeSwitchCase\ExeSwitchCase.csproj", "{16E286A5-03B2-4929-8AE7-990D498D51B8}"
EndProject
Global
	GlobalSection(SolutionConfigurationPlatforms) = preSolution
		Debug|Any CPU = Debug|Any CPU
		Release|Any CPU = Release|Any CPU
	EndGlobalSection
	GlobalSection(ProjectConfigurationPlatforms) = postSolution
		{16E286A5-03B2-4929-8AE7-990D498D51B8}.Debug|Any CPU.ActiveCfg = Debug|Any CPU
		{16E286A5-03B2-4929-8AE7-990D498D51B8}.Debug|Any CPU.Build.0 = Debug|Any CPU
		{16E286A5-03B2-4929-8AE7-990D498D51B8}.Release|Any CPU.ActiveCfg = Release|Any CPU
		{16E286A5-03B2-4929-8AE7-990D498D51B8}.Release|Any CPU.Build.0 = Release|Any CPU
	EndGlobalSection
	GlobalSection(SolutionProperties) = preSolution
		HideSolutionNode = FALSE
	EndGlobalSection
	GlobalSection(ExtensibilityGlobals) = postSolution
		SolutionGuid = {302E66A8-9A47-42C0-BBA7-0FD19D3A2F5F}
	EndGlobalSection
EndGlobal
